# Generated by pub
# See https://www.dartlang.org/tools/pub/glossary#lockfile
packages:
  bignum:
    dependency: transitive
    description:
      name: bignum
      url: "https://pub.dartlang.org"
    source: hosted
    version: "0.0.7"
  charcode:
    dependency: transitive
    description:
      name: charcode
      url: "https://pub.dartlang.org"
    source: hosted
    version: "1.1.2"
  cipher:
    dependency: transitive
    description:
      name: cipher
      url: "https://pub.dartlang.org"
    source: hosted
    version: "0.7.1"
  collection:
    dependency: transitive
    description:
      name: collection
      url: "https://pub.dartlang.org"
    source: hosted
    version: "1.14.6"
  convert:
    dependency: transitive
    description:
      name: convert
      url: "https://pub.dartlang.org"
    source: hosted
    version: "2.0.2"
  crypto:
    dependency: transitive
    description:
      name: crypto
      url: "https://pub.dartlang.org"
    source: hosted
    version: "2.0.6"
  dart_jwt:
    dependency: "direct main"
    description:
      path: "."
      ref: HEAD
      resolved-ref: "3f014ca9e834578e391c3d4cdd7d7059bd199db1"
      url: "https://bitbucket.org/aholmgren/dart_jwt.git"
    source: git
    version: "0.6.0"
  fixnum:
    dependency: transitive
    description:
      name: fixnum
      url: "https://pub.dartlang.org"
    source: hosted
    version: "0.9.1+2"
  flutter:
    dependency: "direct main"
    description: flutter
    source: sdk
    version: "0.0.0"
  logging:
    dependency: transitive
    description:
      name: logging
      url: "https://pub.dartlang.org"
    source: hosted
    version: "0.11.3+2"
  meta:
    dependency: transitive
    description:
      name: meta
      url: "https://pub.dartlang.org"
    source: hosted
    version: "1.1.5"
  sky_engine:
    dependency: transitive
    description: flutter
    source: sdk
    version: "0.0.99"
  typed_data:
    dependency: transitive
    description:
      name: typed_data
      url: "https://pub.dartlang.org"
    source: hosted
    version: "1.1.5"
  vector_math:
    dependency: transitive
    description:
      name: vector_math
      url: "https://pub.dartlang.org"
    source: hosted
    version: "2.0.6"
sdks:
  dart: ">=2.0.0-dev.17.0 <=2.0.0-dev.58.0.flutter-f981f09760"
