PODS:
  - Auth0 (1.13.0):
    - SimpleKeychain
  - Flutter (1.0.0)
  - flutter_auth0 (0.0.1):
    - Auth0
    - Flutter
  - SimpleKeychain (0.8.1)

DEPENDENCIES:
  - Flutter (from `.symlinks/flutter/ios-release`)
  - flutter_auth0 (from `.symlinks/plugins/flutter_auth0/ios`)

SPEC REPOS:
  https://github.com/cocoapods/specs.git:
    - Auth0
    - SimpleKeychain

EXTERNAL SOURCES:
  Flutter:
    :path: ".symlinks/flutter/ios-release"
  flutter_auth0:
    :path: ".symlinks/plugins/flutter_auth0/ios"

SPEC CHECKSUMS:
  Auth0: 7e99e1ca69543bc243d9687fd612057072f3eaaf
  Flutter: 58dd7d1b27887414a370fcccb9e645c08ffd7a6a
  flutter_auth0: 43698a8384f27adac547223055b64d264a1957a1
  SimpleKeychain: e2485c28d82fcece35e9e41faeac42ebfe614815

PODFILE CHECKSUM: a1fff3dbccd6af81b093f91d7b1e5c5272d22b40

COCOAPODS: 1.6.0
